// !$*UTF8*$!
{
	archiveVersion = 1;
	classes = {
	};
	objectVersion = 50;
	objects = {

/* Begin PBXBuildFile section */
		A2342F6322BD2DB200D83575 /* AppDelegate.swift in Sources */ = {isa = PBXBuildFile; fileRef = A2342F6222BD2DB200D83575 /* AppDelegate.swift */; };
		A2342F6822BD2DB200D83575 /* Main.storyboard in Resources */ = {isa = PBXBuildFile; fileRef = A2342F6622BD2DB200D83575 /* Main.storyboard */; };
		A2342F6A22BD2DB300D83575 /* Assets.xcassets in Resources */ = {isa = PBXBuildFile; fileRef = A2342F6922BD2DB300D83575 /* Assets.xcassets */; };
		A2342F6D22BD2DB300D83575 /* LaunchScreen.storyboard in Resources */ = {isa = PBXBuildFile; fileRef = A2342F6B22BD2DB300D83575 /* LaunchScreen.storyboard */; };
		A2342F7522BD33AC00D83575 /* PokemonTableViewController.swift in Sources */ = {isa = PBXBuildFile; fileRef = A2342F7422BD33AC00D83575 /* PokemonTableViewController.swift */; };
		A2342F7722BD33D100D83575 /* PokemonDetailViewController.swift in Sources */ = {isa = PBXBuildFile; fileRef = A2342F7622BD33D100D83575 /* PokemonDetailViewController.swift */; };
		A2342F7B22BD37B900D83575 /* Pokemon.swift in Sources */ = {isa = PBXBuildFile; fileRef = A2342F7A22BD37B900D83575 /* Pokemon.swift */; };
		A2342F7E22BD39BD00D83575 /* PokemonController.swift in Sources */ = {isa = PBXBuildFile; fileRef = A2342F7D22BD39BD00D83575 /* PokemonController.swift */; };
/* End PBXBuildFile section */

/* Begin PBXFileReference section */
		A2342F5F22BD2DB200D83575 /* Pokedex Sprint.app */ = {isa = PBXFileReference; explicitFileType = wrapper.application; includeInIndex = 0; path = "Pokedex Sprint.app"; sourceTree = BUILT_PRODUCTS_DIR; };
		A2342F6222BD2DB200D83575 /* AppDelegate.swift */ = {isa = PBXFileReference; lastKnownFileType = sourcecode.swift; path = AppDelegate.swift; sourceTree = "<group>"; };
		A2342F6722BD2DB200D83575 /* Base */ = {isa = PBXFileReference; lastKnownFileType = file.storyboard; name = Base; path = Base.lproj/Main.storyboard; sourceTree = "<group>"; };
		A2342F6922BD2DB300D83575 /* Assets.xcassets */ = {isa = PBXFileReference; lastKnownFileType = folder.assetcatalog; path = Assets.xcassets; sourceTree = "<group>"; };
		A2342F6C22BD2DB300D83575 /* Base */ = {isa = PBXFileReference; lastKnownFileType = file.storyboard; name = Base; path = Base.lproj/LaunchScreen.storyboard; sourceTree = "<group>"; };
		A2342F6E22BD2DB300D83575 /* Info.plist */ = {isa = PBXFileReference; lastKnownFileType = text.plist.xml; path = Info.plist; sourceTree = "<group>"; };
		A2342F7422BD33AC00D83575 /* PokemonTableViewController.swift */ = {isa = PBXFileReference; lastKnownFileType = sourcecode.swift; path = PokemonTableViewController.swift; sourceTree = "<group>"; };
		A2342F7622BD33D100D83575 /* PokemonDetailViewController.swift */ = {isa = PBXFileReference; lastKnownFileType = sourcecode.swift; path = PokemonDetailViewController.swift; sourceTree = "<group>"; };
		A2342F7A22BD37B900D83575 /* Pokemon.swift */ = {isa = PBXFileReference; lastKnownFileType = sourcecode.swift; path = Pokemon.swift; sourceTree = "<group>"; };
		A2342F7D22BD39BD00D83575 /* PokemonController.swift */ = {isa = PBXFileReference; lastKnownFileType = sourcecode.swift; path = PokemonController.swift; sourceTree = "<group>"; };
/* End PBXFileReference section */

/* Begin PBXFrameworksBuildPhase section */
		A2342F5C22BD2DB200D83575 /* Frameworks */ = {
			isa = PBXFrameworksBuildPhase;
			buildActionMask = 2147483647;
			files = (
			);
			runOnlyForDeploymentPostprocessing = 0;
		};
/* End PBXFrameworksBuildPhase section */

/* Begin PBXGroup section */
		A2342F5622BD2DB200D83575 = {
			isa = PBXGroup;
			children = (
				A2342F6122BD2DB200D83575 /* Pokedex Sprint */,
				A2342F6022BD2DB200D83575 /* Products */,
			);
			sourceTree = "<group>";
		};
		A2342F6022BD2DB200D83575 /* Products */ = {
			isa = PBXGroup;
			children = (
				A2342F5F22BD2DB200D83575 /* Pokedex Sprint.app */,
			);
			name = Products;
			sourceTree = "<group>";
		};
		A2342F6122BD2DB200D83575 /* Pokedex Sprint */ = {
			isa = PBXGroup;
			children = (
				A2342F6222BD2DB200D83575 /* AppDelegate.swift */,
				A2342F7C22BD37C300D83575 /* Models */,
				A2342F7922BD34C900D83575 /* Storyboards */,
				A2342F7822BD34B800D83575 /* View Controllers */,
				A2342F6922BD2DB300D83575 /* Assets.xcassets */,
				A2342F6E22BD2DB300D83575 /* Info.plist */,
			);
			path = "Pokedex Sprint";
			sourceTree = "<group>";
		};
		A2342F7822BD34B800D83575 /* View Controllers */ = {
			isa = PBXGroup;
			children = (
				A2342F7422BD33AC00D83575 /* PokemonTableViewController.swift */,
				A2342F7622BD33D100D83575 /* PokemonDetailViewController.swift */,
			);
			path = "View Controllers";
			sourceTree = "<group>";
		};
		A2342F7922BD34C900D83575 /* Storyboards */ = {
			isa = PBXGroup;
			children = (
				A2342F6622BD2DB200D83575 /* Main.storyboard */,
				A2342F6B22BD2DB300D83575 /* LaunchScreen.storyboard */,
			);
			path = Storyboards;
			sourceTree = "<group>";
		};
		A2342F7C22BD37C300D83575 /* Models */ = {
			isa = PBXGroup;
			children = (
				A2342F7A22BD37B900D83575 /* Pokemon.swift */,
				A2342F7D22BD39BD00D83575 /* PokemonController.swift */,
			);
			path = Models;
			sourceTree = "<group>";
		};
/* End PBXGroup section */

/* Begin PBXNativeTarget section */
		A2342F5E22BD2DB200D83575 /* Pokedex Sprint */ = {
			isa = PBXNativeTarget;
			buildConfigurationList = A2342F7122BD2DB300D83575 /* Build configuration list for PBXNativeTarget "Pokedex Sprint" */;
			buildPhases = (
				A2342F5B22BD2DB200D83575 /* Sources */,
				A2342F5C22BD2DB200D83575 /* Frameworks */,
				A2342F5D22BD2DB200D83575 /* Resources */,
			);
			buildRules = (
			);
			dependencies = (
			);
			name = "Pokedex Sprint";
			productName = "Pokedex Sprint";
			productReference = A2342F5F22BD2DB200D83575 /* Pokedex Sprint.app */;
			productType = "com.apple.product-type.application";
		};
/* End PBXNativeTarget section */

/* Begin PBXProject section */
		A2342F5722BD2DB200D83575 /* Project object */ = {
			isa = PBXProject;
			attributes = {
				LastSwiftUpdateCheck = 1020;
				LastUpgradeCheck = 1020;
				ORGANIZATIONNAME = "Alex Shillingford";
				TargetAttributes = {
					A2342F5E22BD2DB200D83575 = {
						CreatedOnToolsVersion = 10.2.1;
					};
				};
			};
			buildConfigurationList = A2342F5A22BD2DB200D83575 /* Build configuration list for PBXProject "Pokedex Sprint" */;
			compatibilityVersion = "Xcode 9.3";
			developmentRegion = en;
			hasScannedForEncodings = 0;
			knownRegions = (
				en,
				Base,
			);
			mainGroup = A2342F5622BD2DB200D83575;
			productRefGroup = A2342F6022BD2DB200D83575 /* Products */;
			projectDirPath = "";
			projectRoot = "";
			targets = (
				A2342F5E22BD2DB200D83575 /* Pokedex Sprint */,
			);
		};
/* End PBXProject section */

/* Begin PBXResourcesBuildPhase section */
		A2342F5D22BD2DB200D83575 /* Resources */ = {
			isa = PBXResourcesBuildPhase;
			buildActionMask = 2147483647;
			files = (
				A2342F6D22BD2DB300D83575 /* LaunchScreen.storyboard in Resources */,
				A2342F6A22BD2DB300D83575 /* Assets.xcassets in Resources */,
				A2342F6822BD2DB200D83575 /* Main.storyboard in Resources */,
			);
			runOnlyForDeploymentPostprocessing = 0;
		};
/* End PBXResourcesBuildPhase section */

/* Begin PBXSourcesBuildPhase section */
		A2342F5B22BD2DB200D83575 /* Sources */ = {
			isa = PBXSourcesBuildPhase;
			buildActionMask = 2147483647;
			files = (
				A2342F7522BD33AC00D83575 /* PokemonTableViewController.swift in Sources */,
				A2342F7B22BD37B900D83575 /* Pokemon.swift in Sources */,
				A2342F6322BD2DB200D83575 /* AppDelegate.swift in Sources */,
				A2342F7722BD33D100D83575 /* PokemonDetailViewController.swift in Sources */,
				A2342F7E22BD39BD00D83575 /* PokemonController.swift in Sources */,
			);
			runOnlyForDeploymentPostprocessing = 0;
		};
/* End PBXSourcesBuildPhase section */

/* Begin PBXVariantGroup section */
		A2342F6622BD2DB200D83575 /* Main.storyboard */ = {
			isa = PBXVariantGroup;
			children = (
				A2342F6722BD2DB200D83575 /* Base */,
			);
			name = Main.storyboard;
			sourceTree = "<group>";
		};
		A2342F6B22BD2DB300D83575 /* LaunchScreen.storyboard */ = {
			isa = PBXVariantGroup;
			children = (
				A2342F6C22BD2DB300D83575 /* Base */,
			);
			name = LaunchScreen.storyboard;
			sourceTree = "<group>";
		};
/* End PBXVariantGroup section */

/* Begin XCBuildConfiguration section */
		A2342F6F22BD2DB300D83575 /* Debug */ = {
			isa = XCBuildConfiguration;
			buildSettings = {
				ALWAYS_SEARCH_USER_PATHS = NO;
				CLANG_ANALYZER_NONNULL = YES;
				CLANG_ANALYZER_NUMBER_OBJECT_CONVERSION = YES_AGGRESSIVE;
				CLANG_CXX_LANGUAGE_STANDARD = "gnu++14";
				CLANG_CXX_LIBRARY = "libc++";
				CLANG_ENABLE_MODULES = YES;
				CLANG_ENABLE_OBJC_ARC = YES;
				CLANG_ENABLE_OBJC_WEAK = YES;
				CLANG_WARN_BLOCK_CAPTURE_AUTORELEASING = YES;
				CLANG_WARN_BOOL_CONVERSION = YES;
				CLANG_WARN_COMMA = YES;
				CLANG_WARN_CONSTANT_CONVERSION = YES;
				CLANG_WARN_DEPRECATED_OBJC_IMPLEMENTATIONS = YES;
				CLANG_WARN_DIRECT_OBJC_ISA_USAGE = YES_ERROR;
				CLANG_WARN_DOCUMENTATION_COMMENTS = YES;
				CLANG_WARN_EMPTY_BODY = YES;
				CLANG_WARN_ENUM_CONVERSION = YES;
				CLANG_WARN_INFINITE_RECURSION = YES;
				CLANG_WARN_INT_CONVERSION = YES;
				CLANG_WARN_NON_LITERAL_NULL_CONVERSION = YES;
				CLANG_WARN_OBJC_IMPLICIT_RETAIN_SELF = YES;
				CLANG_WARN_OBJC_LITERAL_CONVERSION = YES;
				CLANG_WARN_OBJC_ROOT_CLASS = YES_ERROR;
				CLANG_WARN_RANGE_LOOP_ANALYSIS = YES;
				CLANG_WARN_STRICT_PROTOTYPES = YES;
				CLANG_WARN_SUSPICIOUS_MOVE = YES;
				CLANG_WARN_UNGUARDED_AVAILABILITY = YES_AGGRESSIVE;
				CLANG_WARN_UNREACHABLE_CODE = YES;
				CLANG_WARN__DUPLICATE_METHOD_MATCH = YES;
				CODE_SIGN_IDENTITY = "iPhone Developer";
				COPY_PHASE_STRIP = NO;
				DEBUG_INFORMATION_FORMAT = dwarf;
				ENABLE_STRICT_OBJC_MSGSEND = YES;
				ENABLE_TESTABILITY = YES;
				GCC_C_LANGUAGE_STANDARD = gnu11;
				GCC_DYNAMIC_NO_PIC = NO;
				GCC_NO_COMMON_BLOCKS = YES;
				GCC_OPTIMIZATION_LEVEL = 0;
				GCC_PREPROCESSOR_DEFINITIONS = (
					"DEBUG=1",
					"$(inherited)",
				);
				GCC_WARN_64_TO_32_BIT_CONVERSION = YES;
				GCC_WARN_ABOUT_RETURN_TYPE = YES_ERROR;
				GCC_WARN_UNDECLARED_SELECTOR = YES;
				GCC_WARN_UNINITIALIZED_AUTOS = YES_AGGRESSIVE;
				GCC_WARN_UNUSED_FUNCTION = YES;
				GCC_WARN_UNUSED_VARIABLE = YES;
				IPHONEOS_DEPLOYMENT_TARGET = 12.2;
				MTL_ENABLE_DEBUG_INFO = INCLUDE_SOURCE;
				MTL_FAST_MATH = YES;
				ONLY_ACTIVE_ARCH = YES;
				SDKROOT = iphoneos;
				SWIFT_ACTIVE_COMPILATION_CONDITIONS = DEBUG;
				SWIFT_OPTIMIZATION_LEVEL = "-Onone";
			};
			name = Debug;
		};
		A2342F7022BD2DB300D83575 /* Release */ = {
			isa = XCBuildConfiguration;
			buildSettings = {
				ALWAYS_SEARCH_USER_PATHS = NO;
				CLANG_ANALYZER_NONNULL = YES;
				CLANG_ANALYZER_NUMBER_OBJECT_CONVERSION = YES_AGGRESSIVE;
				CLANG_CXX_LANGUAGE_STANDARD = "gnu++14";
				CLANG_CXX_LIBRARY = "libc++";
				CLANG_ENABLE_MODULES = YES;
				CLANG_ENABLE_OBJC_ARC = YES;
				CLANG_ENABLE_OBJC_WEAK = YES;
				CLANG_WARN_BLOCK_CAPTURE_AUTORELEASING = YES;
				CLANG_WARN_BOOL_CONVERSION = YES;
				CLANG_WARN_COMMA = YES;
				CLANG_WARN_CONSTANT_CONVERSION = YES;
				CLANG_WARN_DEPRECATED_OBJC_IMPLEMENTATIONS = YES;
				CLANG_WARN_DIRECT_OBJC_ISA_USAGE = YES_ERROR;
				CLANG_WARN_DOCUMENTATION_COMMENTS = YES;
				CLANG_WARN_EMPTY_BODY = YES;
				CLANG_WARN_ENUM_CONVERSION = YES;
				CLANG_WARN_INFINITE_RECURSION = YES;
				CLANG_WARN_INT_CONVERSION = YES;
				CLANG_WARN_NON_LITERAL_NULL_CONVERSION = YES;
				CLANG_WARN_OBJC_IMPLICIT_RETAIN_SELF = YES;
				CLANG_WARN_OBJC_LITERAL_CONVERSION = YES;
				CLANG_WARN_OBJC_ROOT_CLASS = YES_ERROR;
				CLANG_WARN_RANGE_LOOP_ANALYSIS = YES;
				CLANG_WARN_STRICT_PROTOTYPES = YES;
				CLANG_WARN_SUSPICIOUS_MOVE = YES;
				CLANG_WARN_UNGUARDED_AVAILABILITY = YES_AGGRESSIVE;
				CLANG_WARN_UNREACHABLE_CODE = YES;
				CLANG_WARN__DUPLICATE_METHOD_MATCH = YES;
				CODE_SIGN_IDENTITY = "iPhone Developer";
				COPY_PHASE_STRIP = NO;
				DEBUG_INFORMATION_FORMAT = "dwarf-with-dsym";
				ENABLE_NS_ASSERTIONS = NO;
				ENABLE_STRICT_OBJC_MSGSEND = YES;
				GCC_C_LANGUAGE_STANDARD = gnu11;
				GCC_NO_COMMON_BLOCKS = YES;
				GCC_WARN_64_TO_32_BIT_CONVERSION = YES;
				GCC_WARN_ABOUT_RETURN_TYPE = YES_ERROR;
				GCC_WARN_UNDECLARED_SELECTOR = YES;
				GCC_WARN_UNINITIALIZED_AUTOS = YES_AGGRESSIVE;
				GCC_WARN_UNUSED_FUNCTION = YES;
				GCC_WARN_UNUSED_VARIABLE = YES;
				IPHONEOS_DEPLOYMENT_TARGET = 12.2;
				MTL_ENABLE_DEBUG_INFO = NO;
				MTL_FAST_MATH = YES;
				SDKROOT = iphoneos;
				SWIFT_COMPILATION_MODE = wholemodule;
				SWIFT_OPTIMIZATION_LEVEL = "-O";
				VALIDATE_PRODUCT = YES;
			};
			name = Release;
		};
		A2342F7222BD2DB300D83575 /* Debug */ = {
			isa = XCBuildConfiguration;
			buildSettings = {
				ASSETCATALOG_COMPILER_APPICON_NAME = AppIcon;
				CODE_SIGN_STYLE = Automatic;
				INFOPLIST_FILE = "Pokedex Sprint/Info.plist";
				LD_RUNPATH_SEARCH_PATHS = (
					"$(inherited)",
					"@executable_path/Frameworks",
				);
				PRODUCT_BUNDLE_IDENTIFIER = "com.twobrothersapps.Pokedex-Sprint";
				PRODUCT_NAME = "$(TARGET_NAME)";
				SWIFT_VERSION = 5.0;
				TARGETED_DEVICE_FAMILY = "1,2";
			};
			name = Debug;
		};
		A2342F7322BD2DB300D83575 /* Release */ = {
			isa = XCBuildConfiguration;
			buildSettings = {
				ASSETCATALOG_COMPILER_APPICON_NAME = AppIcon;
				CODE_SIGN_STYLE = Automatic;
				INFOPLIST_FILE = "Pokedex Sprint/Info.plist";
				LD_RUNPATH_SEARCH_PATHS = (
					"$(inherited)",
					"@executable_path/Frameworks",
				);
				PRODUCT_BUNDLE_IDENTIFIER = "com.twobrothersapps.Pokedex-Sprint";
				PRODUCT_NAME = "$(TARGET_NAME)";
				SWIFT_VERSION = 5.0;
				TARGETED_DEVICE_FAMILY = "1,2";
			};
			name = Release;
		};
/* End XCBuildConfiguration section */

/* Begin XCConfigurationList section */
		A2342F5A22BD2DB200D83575 /* Build configuration list for PBXProject "Pokedex Sprint" */ = {
			isa = XCConfigurationList;
			buildConfigurations = (
				A2342F6F22BD2DB300D83575 /* Debug */,
				A2342F7022BD2DB300D83575 /* Release */,
			);
			defaultConfigurationIsVisible = 0;
			defaultConfigurationName = Release;
		};
		A2342F7122BD2DB300D83575 /* Build configuration list for PBXNativeTarget "Pokedex Sprint" */ = {
			isa = XCConfigurationList;
			buildConfigurations = (
				A2342F7222BD2DB300D83575 /* Debug */,
				A2342F7322BD2DB300D83575 /* Release */,
			);
			defaultConfigurationIsVisible = 0;
			defaultConfigurationName = Release;
		};
/* End XCConfigurationList section */
	};
	rootObject = A2342F5722BD2DB200D83575 /* Project object */;
}
